// !$*UTF8*$!
{
	archiveVersion = 1;
	classes = {
	};
	objectVersion = 42;
	objects = {

/* Begin PBXBuildFile section */
		0DDBA9950081C7AFC0A8000F /* NSArray_SenAdditions.h in Headers */ = {isa = PBXBuildFile; fileRef = 0DDBA9630081C7AFC0A8000F /* NSArray_SenAdditions.h */; settings = {ATTRIBUTES = (Public, ); }; };
		0DDBA9960081C7AFC0A8000F /* NSBundle_SenAdditions.h in Headers */ = {isa = PBXBuildFile; fileRef = 0DDBA9640081C7AFC0A8000F /* NSBundle_SenAdditions.h */; settings = {ATTRIBUTES = (Public, ); }; };
		0DDBA9970081C7AFC0A8000F /* NSException_SenAdditions.h in Headers */ = {isa = PBXBuildFile; fileRef = 0DDBA9650081C7AFC0A8000F /* NSException_SenAdditions.h */; settings = {ATTRIBUTES = (Public, ); }; };
		0DDBA9980081C7AFC0A8000F /* NSMutableDictionary_SenAdditions.h in Headers */ = {isa = PBXBuildFile; fileRef = 0DDBA9660081C7AFC0A8000F /* NSMutableDictionary_SenAdditions.h */; settings = {ATTRIBUTES = (Public, ); }; };
		0DDBA9990081C7AFC0A8000F /* NSObject_SenAdditions.h in Headers */ = {isa = PBXBuildFile; fileRef = 0DDBA9670081C7AFC0A8000F /* NSObject_SenAdditions.h */; settings = {ATTRIBUTES = (Public, ); }; };
		0DDBA99A0081C7AFC0A8000F /* NSObject_SenRuntimeUtilities.h in Headers */ = {isa = PBXBuildFile; fileRef = 0DDBA9680081C7AFC0A8000F /* NSObject_SenRuntimeUtilities.h */; settings = {ATTRIBUTES = (Public, ); }; };
		0DDBA99B0081C7AFC0A8000F /* NSObject_SenTree.h in Headers */ = {isa = PBXBuildFile; fileRef = 0DDBA9690081C7AFC0A8000F /* NSObject_SenTree.h */; settings = {ATTRIBUTES = (Public, ); }; };
		0DDBA99C0081C7AFC0A8000F /* NSString_SenAdditions.h in Headers */ = {isa = PBXBuildFile; fileRef = 0DDBA96A0081C7AFC0A8000F /* NSString_SenAdditions.h */; settings = {ATTRIBUTES = (Public, ); }; };
		0DDBA99D0081C7AFC0A8000F /* NSTask_SenAdditions.h in Headers */ = {isa = PBXBuildFile; fileRef = 0DDBA96B0081C7AFC0A8000F /* NSTask_SenAdditions.h */; settings = {ATTRIBUTES = (Public, ); }; };
		0DDBA99E0081C7AFC0A8000F /* NSUserDefaults_SenAdditions.h in Headers */ = {isa = PBXBuildFile; fileRef = 0DDBA96C0081C7AFC0A8000F /* NSUserDefaults_SenAdditions.h */; settings = {ATTRIBUTES = (Public, ); }; };
		0DDBA99F0081C7AFC0A8000F /* SenAssertion.h in Headers */ = {isa = PBXBuildFile; fileRef = 0DDBA96D0081C7AFC0A8000F /* SenAssertion.h */; settings = {ATTRIBUTES = (Public, ); }; };
		0DDBA9A00081C7AFC0A8000F /* SenClassEnumerator.h in Headers */ = {isa = PBXBuildFile; fileRef = 0DDBA96E0081C7AFC0A8000F /* SenClassEnumerator.h */; };
		0DDBA9A10081C7AFC0A8000F /* SenCollection.h in Headers */ = {isa = PBXBuildFile; fileRef = 0DDBA96F0081C7AFC0A8000F /* SenCollection.h */; settings = {ATTRIBUTES = (Public, ); }; };
		0DDBA9A20081C7AFC0A8000F /* SenDateInterval.h in Headers */ = {isa = PBXBuildFile; fileRef = 0DDBA9700081C7AFC0A8000F /* SenDateInterval.h */; settings = {ATTRIBUTES = (Public, ); }; };
		0DDBA9A30081C7AFC0A8000F /* SenEmptiness.h in Headers */ = {isa = PBXBuildFile; fileRef = 0DDBA9710081C7AFC0A8000F /* SenEmptiness.h */; settings = {ATTRIBUTES = (Public, ); }; };
		0DDBA9A40081C7AFC0A8000F /* SenFileSystemTree.h in Headers */ = {isa = PBXBuildFile; fileRef = 0DDBA9720081C7AFC0A8000F /* SenFileSystemTree.h */; settings = {ATTRIBUTES = (Public, ); }; };
		0DDBA9A50081C7AFC0A8000F /* SenFoundation.h in Headers */ = {isa = PBXBuildFile; fileRef = 0DDBA9730081C7AFC0A8000F /* SenFoundation.h */; settings = {ATTRIBUTES = (Public, ); }; };
		0DDBA9A60081C7AFC0A8000F /* SenFoundationDefines.h in Headers */ = {isa = PBXBuildFile; fileRef = 0DDBA9740081C7AFC0A8000F /* SenFoundationDefines.h */; settings = {ATTRIBUTES = (Public, ); }; };
		0DDBA9A70081C7AFC0A8000F /* SenInvocationEnumerator.h in Headers */ = {isa = PBXBuildFile; fileRef = 0DDBA9750081C7AFC0A8000F /* SenInvocationEnumerator.h */; };
		0DDBA9A80081C7AFC0A8000F /* SenSelection.h in Headers */ = {isa = PBXBuildFile; fileRef = 0DDBA9760081C7AFC0A8000F /* SenSelection.h */; settings = {ATTRIBUTES = (Public, ); }; };
		0DDBA9A90081C7AFC0A8000F /* SenTreeEnumerator.h in Headers */ = {isa = PBXBuildFile; fileRef = 0DDBA9770081C7AFC0A8000F /* SenTreeEnumerator.h */; settings = {ATTRIBUTES = (Public, ); }; };
		0DDBA9AA0081C7AFC0A8000F /* SenTrees.h in Headers */ = {isa = PBXBuildFile; fileRef = 0DDBA9780081C7AFC0A8000F /* SenTrees.h */; settings = {ATTRIBUTES = (Public, ); }; };
		0DDBA9AB0081C7AFC0A8000F /* SenUtilities.h in Headers */ = {isa = PBXBuildFile; fileRef = 0DDBA9790081C7AFC0A8000F /* SenUtilities.h */; settings = {ATTRIBUTES = (Public, ); }; };
		0DDBA9AD0081C7AFC0A8000F /* BundleInserter.postamble in Resources */ = {isa = PBXBuildFile; fileRef = 0DDBA97B0081C7AFC0A8000F /* BundleInserter.postamble */; };
		0DDBA9AE0081C7AFC0A8000F /* BundleInserter.gdb in Resources */ = {isa = PBXBuildFile; fileRef = 0DDBA97E0081C7AFC0A8000F /* BundleInserter.gdb */; };
		0DDBA9AF0081C7AFC0A8000F /* SenDateInterval.strings in Resources */ = {isa = PBXBuildFile; fileRef = 0DDBA9810081C7AFC0A8000F /* SenDateInterval.strings */; };
		0DDBA9B00081C7AFC0A8000F /* BundleInserter.preamble in Resources */ = {isa = PBXBuildFile; fileRef = 0DDBA9840081C7AFC0A8000F /* BundleInserter.preamble */; };
		0DDBA9B20081C7AFC0A8000F /* NSArray_SenAdditions.m in Sources */ = {isa = PBXBuildFile; fileRef = 0DDBA94F0081C7AFC0A8000F /* NSArray_SenAdditions.m */; settings = {ATTRIBUTES = (); }; };
		0DDBA9B30081C7AFC0A8000F /* NSBundle_SenAdditions.m in Sources */ = {isa = PBXBuildFile; fileRef = 0DDBA9500081C7AFC0A8000F /* NSBundle_SenAdditions.m */; settings = {ATTRIBUTES = (); }; };
		0DDBA9B40081C7AFC0A8000F /* NSException_SenAdditions.m in Sources */ = {isa = PBXBuildFile; fileRef = 0DDBA9510081C7AFC0A8000F /* NSException_SenAdditions.m */; settings = {ATTRIBUTES = (); }; };
		0DDBA9B50081C7AFC0A8000F /* NSMutableDictionary_SenAdditions.m in Sources */ = {isa = PBXBuildFile; fileRef = 0DDBA9520081C7AFC0A8000F /* NSMutableDictionary_SenAdditions.m */; settings = {ATTRIBUTES = (); }; };
		0DDBA9B60081C7AFC0A8000F /* NSObject_SenAdditions.m in Sources */ = {isa = PBXBuildFile; fileRef = 0DDBA9530081C7AFC0A8000F /* NSObject_SenAdditions.m */; settings = {ATTRIBUTES = (); }; };
		0DDBA9B70081C7AFC0A8000F /* NSObject_SenRuntimeUtilities.m in Sources */ = {isa = PBXBuildFile; fileRef = 0DDBA9540081C7AFC0A8000F /* NSObject_SenRuntimeUtilities.m */; settings = {ATTRIBUTES = (); }; };
		0DDBA9B80081C7AFC0A8000F /* NSObject_SenTree.m in Sources */ = {isa = PBXBuildFile; fileRef = 0DDBA9550081C7AFC0A8000F /* NSObject_SenTree.m */; settings = {ATTRIBUTES = (); }; };
		0DDBA9B90081C7AFC0A8000F /* NSString_SenAdditions.m in Sources */ = {isa = PBXBuildFile; fileRef = 0DDBA9560081C7AFC0A8000F /* NSString_SenAdditions.m */; settings = {ATTRIBUTES = (); }; };
		0DDBA9BA0081C7AFC0A8000F /* NSTask_SenAdditions.m in Sources */ = {isa = PBXBuildFile; fileRef = 0DDBA9570081C7AFC0A8000F /* NSTask_SenAdditions.m */; settings = {ATTRIBUTES = (); }; };
		0DDBA9BB0081C7AFC0A8000F /* NSUserDefaults_SenAdditions.m in Sources */ = {isa = PBXBuildFile; fileRef = 0DDBA9580081C7AFC0A8000F /* NSUserDefaults_SenAdditions.m */; settings = {ATTRIBUTES = (); }; };
		0DDBA9BC0081C7AFC0A8000F /* SenClassEnumerator.m in Sources */ = {isa = PBXBuildFile; fileRef = 0DDBA9590081C7AFC0A8000F /* SenClassEnumerator.m */; settings = {ATTRIBUTES = (); }; };
		0DDBA9BD0081C7AFC0A8000F /* SenCollection.m in Sources */ = {isa = PBXBuildFile; fileRef = 0DDBA95A0081C7AFC0A8000F /* SenCollection.m */; settings = {ATTRIBUTES = (); }; };
		0DDBA9BE0081C7AFC0A8000F /* SenDateInterval.m in Sources */ = {isa = PBXBuildFile; fileRef = 0DDBA95B0081C7AFC0A8000F /* SenDateInterval.m */; settings = {ATTRIBUTES = (); }; };
		0DDBA9BF0081C7AFC0A8000F /* SenEmptiness.m in Sources */ = {isa = PBXBuildFile; fileRef = 0DDBA95C0081C7AFC0A8000F /* SenEmptiness.m */; settings = {ATTRIBUTES = (); }; };
		0DDBA9C00081C7AFC0A8000F /* SenFileSystemTree.m in Sources */ = {isa = PBXBuildFile; fileRef = 0DDBA95D0081C7AFC0A8000F /* SenFileSystemTree.m */; settings = {ATTRIBUTES = (); }; };
		0DDBA9C10081C7AFC0A8000F /* SenInvocationEnumerator.m in Sources */ = {isa = PBXBuildFile; fileRef = 0DDBA95E0081C7AFC0A8000F /* SenInvocationEnumerator.m */; settings = {ATTRIBUTES = (); }; };
		0DDBA9C20081C7AFC0A8000F /* SenSelection.m in Sources */ = {isa = PBXBuildFile; fileRef = 0DDBA95F0081C7AFC0A8000F /* SenSelection.m */; settings = {ATTRIBUTES = (); }; };
		0DDBA9C30081C7AFC0A8000F /* SenTreeEnumerator.m in Sources */ = {isa = PBXBuildFile; fileRef = 0DDBA9600081C7AFC0A8000F /* SenTreeEnumerator.m */; settings = {ATTRIBUTES = (); }; };
		0DDBA9C40081C7AFC0A8000F /* SenUtilities.m in Sources */ = {isa = PBXBuildFile; fileRef = 0DDBA9610081C7AFC0A8000F /* SenUtilities.m */; settings = {ATTRIBUTES = (); }; };
		0DDBA9C60081C7AFC0A8000F /* Foundation.framework in Frameworks */ = {isa = PBXBuildFile; fileRef = 0DDBA98F0081C7AFC0A8000F /* Foundation.framework */; };
/* End PBXBuildFile section */

/* Begin PBXFileReference section */
		0DDBA94F0081C7AFC0A8000F /* NSArray_SenAdditions.m */ = {isa = PBXFileReference; lastKnownFileType = sourcecode.c.objc; path = NSArray_SenAdditions.m; sourceTree = "<group>"; };
		0DDBA9500081C7AFC0A8000F /* NSBundle_SenAdditions.m */ = {isa = PBXFileReference; lastKnownFileType = sourcecode.c.objc; path = NSBundle_SenAdditions.m; sourceTree = "<group>"; };
		0DDBA9510081C7AFC0A8000F /* NSException_SenAdditions.m */ = {isa = PBXFileReference; lastKnownFileType = sourcecode.c.objc; path = NSException_SenAdditions.m; sourceTree = "<group>"; };
		0DDBA9520081C7AFC0A8000F /* NSMutableDictionary_SenAdditions.m */ = {isa = PBXFileReference; lastKnownFileType = sourcecode.c.objc; path = NSMutableDictionary_SenAdditions.m; sourceTree = "<group>"; };
		0DDBA9530081C7AFC0A8000F /* NSObject_SenAdditions.m */ = {isa = PBXFileReference; lastKnownFileType = sourcecode.c.objc; path = NSObject_SenAdditions.m; sourceTree = "<group>"; };
		0DDBA9540081C7AFC0A8000F /* NSObject_SenRuntimeUtilities.m */ = {isa = PBXFileReference; lastKnownFileType = sourcecode.c.objc; path = NSObject_SenRuntimeUtilities.m; sourceTree = "<group>"; };
		0DDBA9550081C7AFC0A8000F /* NSObject_SenTree.m */ = {isa = PBXFileReference; lastKnownFileType = sourcecode.c.objc; path = NSObject_SenTree.m; sourceTree = "<group>"; };
		0DDBA9560081C7AFC0A8000F /* NSString_SenAdditions.m */ = {isa = PBXFileReference; lastKnownFileType = sourcecode.c.objc; path = NSString_SenAdditions.m; sourceTree = "<group>"; };
		0DDBA9570081C7AFC0A8000F /* NSTask_SenAdditions.m */ = {isa = PBXFileReference; lastKnownFileType = sourcecode.c.objc; path = NSTask_SenAdditions.m; sourceTree = "<group>"; };
		0DDBA9580081C7AFC0A8000F /* NSUserDefaults_SenAdditions.m */ = {isa = PBXFileReference; lastKnownFileType = sourcecode.c.objc; path = NSUserDefaults_SenAdditions.m; sourceTree = "<group>"; };
		0DDBA9590081C7AFC0A8000F /* SenClassEnumerator.m */ = {isa = PBXFileReference; lastKnownFileType = sourcecode.c.objc; path = SenClassEnumerator.m; sourceTree = "<group>"; };
		0DDBA95A0081C7AFC0A8000F /* SenCollection.m */ = {isa = PBXFileReference; lastKnownFileType = sourcecode.c.objc; path = SenCollection.m; sourceTree = "<group>"; };
		0DDBA95B0081C7AFC0A8000F /* SenDateInterval.m */ = {isa = PBXFileReference; lastKnownFileType = sourcecode.c.objc; path = SenDateInterval.m; sourceTree = "<group>"; };
		0DDBA95C0081C7AFC0A8000F /* SenEmptiness.m */ = {isa = PBXFileReference; lastKnownFileType = sourcecode.c.objc; path = SenEmptiness.m; sourceTree = "<group>"; };
		0DDBA95D0081C7AFC0A8000F /* SenFileSystemTree.m */ = {isa = PBXFileReference; lastKnownFileType = sourcecode.c.objc; path = SenFileSystemTree.m; sourceTree = "<group>"; };
		0DDBA95E0081C7AFC0A8000F /* SenInvocationEnumerator.m */ = {isa = PBXFileReference; lastKnownFileType = sourcecode.c.objc; path = SenInvocationEnumerator.m; sourceTree = "<group>"; };
		0DDBA95F0081C7AFC0A8000F /* SenSelection.m */ = {isa = PBXFileReference; lastKnownFileType = sourcecode.c.objc; path = SenSelection.m; sourceTree = "<group>"; };
		0DDBA9600081C7AFC0A8000F /* SenTreeEnumerator.m */ = {isa = PBXFileReference; lastKnownFileType = sourcecode.c.objc; path = SenTreeEnumerator.m; sourceTree = "<group>"; };
		0DDBA9610081C7AFC0A8000F /* SenUtilities.m */ = {isa = PBXFileReference; lastKnownFileType = sourcecode.c.objc; path = SenUtilities.m; sourceTree = "<group>"; };
		0DDBA9630081C7AFC0A8000F /* NSArray_SenAdditions.h */ = {isa = PBXFileReference; lastKnownFileType = sourcecode.c.h; path = NSArray_SenAdditions.h; sourceTree = "<group>"; };
		0DDBA9640081C7AFC0A8000F /* NSBundle_SenAdditions.h */ = {isa = PBXFileReference; lastKnownFileType = sourcecode.c.h; path = NSBundle_SenAdditions.h; sourceTree = "<group>"; };
		0DDBA9650081C7AFC0A8000F /* NSException_SenAdditions.h */ = {isa = PBXFileReference; lastKnownFileType = sourcecode.c.h; path = NSException_SenAdditions.h; sourceTree = "<group>"; };
		0DDBA9660081C7AFC0A8000F /* NSMutableDictionary_SenAdditions.h */ = {isa = PBXFileReference; lastKnownFileType = sourcecode.c.h; path = NSMutableDictionary_SenAdditions.h; sourceTree = "<group>"; };
		0DDBA9670081C7AFC0A8000F /* NSObject_SenAdditions.h */ = {isa = PBXFileReference; lastKnownFileType = sourcecode.c.h; path = NSObject_SenAdditions.h; sourceTree = "<group>"; };
		0DDBA9680081C7AFC0A8000F /* NSObject_SenRuntimeUtilities.h */ = {isa = PBXFileReference; lastKnownFileType = sourcecode.c.h; path = NSObject_SenRuntimeUtilities.h; sourceTree = "<group>"; };
		0DDBA9690081C7AFC0A8000F /* NSObject_SenTree.h */ = {isa = PBXFileReference; lastKnownFileType = sourcecode.c.h; path = NSObject_SenTree.h; sourceTree = "<group>"; };
		0DDBA96A0081C7AFC0A8000F /* NSString_SenAdditions.h */ = {isa = PBXFileReference; lastKnownFileType = sourcecode.c.h; path = NSString_SenAdditions.h; sourceTree = "<group>"; };
		0DDBA96B0081C7AFC0A8000F /* NSTask_SenAdditions.h */ = {isa = PBXFileReference; lastKnownFileType = sourcecode.c.h; path = NSTask_SenAdditions.h; sourceTree = "<group>"; };
		0DDBA96C0081C7AFC0A8000F /* NSUserDefaults_SenAdditions.h */ = {isa = PBXFileReference; lastKnownFileType = sourcecode.c.h; path = NSUserDefaults_SenAdditions.h; sourceTree = "<group>"; };
		0DDBA96D0081C7AFC0A8000F /* SenAssertion.h */ = {isa = PBXFileReference; lastKnownFileType = sourcecode.c.h; path = SenAssertion.h; sourceTree = "<group>"; };
		0DDBA96E0081C7AFC0A8000F /* SenClassEnumerator.h */ = {isa = PBXFileReference; lastKnownFileType = sourcecode.c.h; path = SenClassEnumerator.h; sourceTree = "<group>"; };
		0DDBA96F0081C7AFC0A8000F /* SenCollection.h */ = {isa = PBXFileReference; lastKnownFileType = sourcecode.c.h; path = SenCollection.h; sourceTree = "<group>"; };
		0DDBA9700081C7AFC0A8000F /* SenDateInterval.h */ = {isa = PBXFileReference; lastKnownFileType = sourcecode.c.h; path = SenDateInterval.h; sourceTree = "<group>"; };
		0DDBA9710081C7AFC0A8000F /* SenEmptiness.h */ = {isa = PBXFileReference; lastKnownFileType = sourcecode.c.h; path = SenEmptiness.h; sourceTree = "<group>"; };
		0DDBA9720081C7AFC0A8000F /* SenFileSystemTree.h */ = {isa = PBXFileReference; lastKnownFileType = sourcecode.c.h; path = SenFileSystemTree.h; sourceTree = "<group>"; };
		0DDBA9730081C7AFC0A8000F /* SenFoundation.h */ = {isa = PBXFileReference; lastKnownFileType = sourcecode.c.h; path = SenFoundation.h; sourceTree = "<group>"; };
		0DDBA9740081C7AFC0A8000F /* SenFoundationDefines.h */ = {isa = PBXFileReference; lastKnownFileType = sourcecode.c.h; path = SenFoundationDefines.h; sourceTree = "<group>"; };
		0DDBA9750081C7AFC0A8000F /* SenInvocationEnumerator.h */ = {isa = PBXFileReference; lastKnownFileType = sourcecode.c.h; path = SenInvocationEnumerator.h; sourceTree = "<group>"; };
		0DDBA9760081C7AFC0A8000F /* SenSelection.h */ = {isa = PBXFileReference; lastKnownFileType = sourcecode.c.h; path = SenSelection.h; sourceTree = "<group>"; };
		0DDBA9770081C7AFC0A8000F /* SenTreeEnumerator.h */ = {isa = PBXFileReference; lastKnownFileType = sourcecode.c.h; path = SenTreeEnumerator.h; sourceTree = "<group>"; };
		0DDBA9780081C7AFC0A8000F /* SenTrees.h */ = {isa = PBXFileReference; lastKnownFileType = sourcecode.c.h; path = SenTrees.h; sourceTree = "<group>"; };
		0DDBA9790081C7AFC0A8000F /* SenUtilities.h */ = {isa = PBXFileReference; lastKnownFileType = sourcecode.c.h; path = SenUtilities.h; sourceTree = "<group>"; };
		0DDBA97C0081C7AFC0A8000F /* Global - windows */ = {isa = PBXFileReference; lastKnownFileType = text; name = "Global - windows"; path = "BundleInserter-windows.postamble"; sourceTree = "<group>"; };
		0DDBA97D0081C7AFC0A8000F /* Global */ = {isa = PBXFileReference; lastKnownFileType = text; name = Global; path = BundleInserter.postamble; sourceTree = "<group>"; };
		0DDBA97F0081C7AFC0A8000F /* Global - windows */ = {isa = PBXFileReference; lastKnownFileType = text; name = "Global - windows"; path = "BundleInserter-windows.gdb"; sourceTree = "<group>"; };
		0DDBA9800081C7AFC0A8000F /* Global */ = {isa = PBXFileReference; lastKnownFileType = text; name = Global; path = BundleInserter.gdb; sourceTree = "<group>"; };
		0DDBA9820081C7AFC0A8000F /* French */ = {isa = PBXFileReference; lastKnownFileType = text.plist.strings; name = French; path = French.lproj/SenDateInterval.strings; sourceTree = "<group>"; };
		0DDBA9830081C7AFC0A8000F /* English */ = {isa = PBXFileReference; lastKnownFileType = text.plist.strings; name = English; path = English.lproj/SenDateInterval.strings; sourceTree = "<group>"; };
		0DDBA9850081C7AFC0A8000F /* Global - windows */ = {isa = PBXFileReference; lastKnownFileType = text; name = "Global - windows"; path = "BundleInserter-windows.preamble"; sourceTree = "<group>"; };
		0DDBA9860081C7AFC0A8000F /* Global */ = {isa = PBXFileReference; lastKnownFileType = text; name = Global; path = BundleInserter.preamble; sourceTree = "<group>"; };
		0DDBA9880081C7AFC0A8000F /* h.template */ = {isa = PBXFileReference; lastKnownFileType = text; path = h.template; sourceTree = "<group>"; };
		0DDBA9890081C7AFC0A8000F /* m.template */ = {isa = PBXFileReference; lastKnownFileType = text; path = m.template; sourceTree = "<group>"; };
		0DDBA98A0081C7AFC0A8000F /* Makefile */ = {isa = PBXFileReference; lastKnownFileType = sourcecode.make; path = Makefile; sourceTree = "<group>"; };
		0DDBA98B0081C7AFC0A8000F /* Makefile.postamble */ = {isa = PBXFileReference; lastKnownFileType = text; path = Makefile.postamble; sourceTree = "<group>"; };
		0DDBA98C0081C7AFC0A8000F /* Makefile.preamble */ = {isa = PBXFileReference; lastKnownFileType = text; path = Makefile.preamble; sourceTree = "<group>"; };
		0DDBA98D0081C7AFC0A8000F /* OpenSourceLicense.html */ = {isa = PBXFileReference; lastKnownFileType = text.html; path = OpenSourceLicense.html; sourceTree = "<group>"; };
		0DDBA98F0081C7AFC0A8000F /* Foundation.framework */ = {isa = PBXFileReference; lastKnownFileType = wrapper.framework; name = Foundation.framework; path = /System/Library/Frameworks/Foundation.framework; sourceTree = "<absolute>"; };
		0DDBA9920081C7AFC0A8000F /* SenFoundation.framework */ = {isa = PBXFileReference; explicitFileType = wrapper.framework; path = SenFoundation.framework; sourceTree = BUILT_PRODUCTS_DIR; };
/* End PBXFileReference section */

/* Begin PBXFrameworkTarget section */
		0DDBA9930081C7AFC0A8000F /* SenFoundation */ = {
			isa = PBXFrameworkTarget;
			buildConfigurationList = 43CD7B7A0DBFCAE800644FF2 /* Build configuration list for PBXFrameworkTarget "SenFoundation" */;
			buildPhases = (
				0DDBA9940081C7AFC0A8000F /* Headers */,
				0DDBA9AC0081C7AFC0A8000F /* Resources */,
				0DDBA9B10081C7AFC0A8000F /* Sources */,
				0DDBA9C50081C7AFC0A8000F /* Frameworks */,
				0DDBA9C70081C7AFC0A8000F /* Rez */,
			);
			dependencies = (
			);
			name = SenFoundation;
			productInstallPath = "@executable_path/../Frameworks";
			productName = "SenFoundation (Framework)";
			productReference = 0DDBA9920081C7AFC0A8000F /* SenFoundation.framework */;
			productSettingsXML = "<?xml version=\"1.0\" encoding=\"UTF-8\"?>
<!DOCTYPE plist PUBLIC \"-//Apple//DTD PLIST 1.0//EN\" \"http://www.apple.com/DTDs/PropertyList-1.0.dtd\">
<plist version=\"1.0\">
<dict>
	<key>CFBundleDevelopmentRegion</key>
	<string>English</string>
	<key>CFBundleExecutable</key>
	<string>SenFoundation</string>
	<key>CFBundleGetInfoString</key>
	<string></string>
	<key>CFBundleIconFile</key>
	<string></string>
	<key>CFBundleIdentifier</key>
	<string></string>
	<key>CFBundleInfoDictionaryVersion</key>
	<string>6.0</string>
	<key>CFBundleName</key>
	<string></string>
	<key>CFBundlePackageType</key>
	<string>FMWK</string>
	<key>CFBundleShortVersionString</key>
	<string></string>
	<key>CFBundleSignature</key>
	<string>????</string>
	<key>CFBundleVersion</key>
	<string>0.0.1d1</string>
</dict>
</plist>
";
		};
/* End PBXFrameworkTarget section */

/* Begin PBXFrameworksBuildPhase section */
		0DDBA9C50081C7AFC0A8000F /* Frameworks */ = {
			isa = PBXFrameworksBuildPhase;
			buildActionMask = 2147483647;
			files = (
				0DDBA9C60081C7AFC0A8000F /* Foundation.framework in Frameworks */,
			);
			runOnlyForDeploymentPostprocessing = 0;
		};
/* End PBXFrameworksBuildPhase section */

/* Begin PBXGroup section */
		0DDBA94D0081C7AFC0A8000F /* SenFoundation */ = {
			isa = PBXGroup;
			children = (
				0DDBA94E0081C7AFC0A8000F /* Classes */,
				0DDBA9620081C7AFC0A8000F /* Headers */,
				0DDBA97A0081C7AFC0A8000F /* Resources */,
				0DDBA9870081C7AFC0A8000F /* Supporting Files */,
				0DDBA98E0081C7AFC0A8000F /* External Frameworks and Libraries */,
				0DDBA9910081C7AFC0A8000F /* Products */,
			);
			name = SenFoundation;
			sourceTree = "<group>";
		};
		0DDBA94E0081C7AFC0A8000F /* Classes */ = {
			isa = PBXGroup;
			children = (
				0DDBA94F0081C7AFC0A8000F /* NSArray_SenAdditions.m */,
				0DDBA9500081C7AFC0A8000F /* NSBundle_SenAdditions.m */,
				0DDBA9510081C7AFC0A8000F /* NSException_SenAdditions.m */,
				0DDBA9520081C7AFC0A8000F /* NSMutableDictionary_SenAdditions.m */,
				0DDBA9530081C7AFC0A8000F /* NSObject_SenAdditions.m */,
				0DDBA9540081C7AFC0A8000F /* NSObject_SenRuntimeUtilities.m */,
				0DDBA9550081C7AFC0A8000F /* NSObject_SenTree.m */,
				0DDBA9560081C7AFC0A8000F /* NSString_SenAdditions.m */,
				0DDBA9570081C7AFC0A8000F /* NSTask_SenAdditions.m */,
				0DDBA9580081C7AFC0A8000F /* NSUserDefaults_SenAdditions.m */,
				0DDBA9590081C7AFC0A8000F /* SenClassEnumerator.m */,
				0DDBA95A0081C7AFC0A8000F /* SenCollection.m */,
				0DDBA95B0081C7AFC0A8000F /* SenDateInterval.m */,
				0DDBA95C0081C7AFC0A8000F /* SenEmptiness.m */,
				0DDBA95D0081C7AFC0A8000F /* SenFileSystemTree.m */,
				0DDBA95E0081C7AFC0A8000F /* SenInvocationEnumerator.m */,
				0DDBA95F0081C7AFC0A8000F /* SenSelection.m */,
				0DDBA9600081C7AFC0A8000F /* SenTreeEnumerator.m */,
				0DDBA9610081C7AFC0A8000F /* SenUtilities.m */,
			);
			name = Classes;
			sourceTree = "<group>";
		};
		0DDBA9620081C7AFC0A8000F /* Headers */ = {
			isa = PBXGroup;
			children = (
				0DDBA9630081C7AFC0A8000F /* NSArray_SenAdditions.h */,
				0DDBA9640081C7AFC0A8000F /* NSBundle_SenAdditions.h */,
				0DDBA9650081C7AFC0A8000F /* NSException_SenAdditions.h */,
				0DDBA9660081C7AFC0A8000F /* NSMutableDictionary_SenAdditions.h */,
				0DDBA9670081C7AFC0A8000F /* NSObject_SenAdditions.h */,
				0DDBA9680081C7AFC0A8000F /* NSObject_SenRuntimeUtilities.h */,
				0DDBA9690081C7AFC0A8000F /* NSObject_SenTree.h */,
				0DDBA96A0081C7AFC0A8000F /* NSString_SenAdditions.h */,
				0DDBA96B0081C7AFC0A8000F /* NSTask_SenAdditions.h */,
				0DDBA96C0081C7AFC0A8000F /* NSUserDefaults_SenAdditions.h */,
				0DDBA96D0081C7AFC0A8000F /* SenAssertion.h */,
				0DDBA96E0081C7AFC0A8000F /* SenClassEnumerator.h */,
				0DDBA96F0081C7AFC0A8000F /* SenCollection.h */,
				0DDBA9700081C7AFC0A8000F /* SenDateInterval.h */,
				0DDBA9710081C7AFC0A8000F /* SenEmptiness.h */,
				0DDBA9720081C7AFC0A8000F /* SenFileSystemTree.h */,
				0DDBA9730081C7AFC0A8000F /* SenFoundation.h */,
				0DDBA9740081C7AFC0A8000F /* SenFoundationDefines.h */,
				0DDBA9750081C7AFC0A8000F /* SenInvocationEnumerator.h */,
				0DDBA9760081C7AFC0A8000F /* SenSelection.h */,
				0DDBA9770081C7AFC0A8000F /* SenTreeEnumerator.h */,
				0DDBA9780081C7AFC0A8000F /* SenTrees.h */,
				0DDBA9790081C7AFC0A8000F /* SenUtilities.h */,
			);
			name = Headers;
			sourceTree = "<group>";
		};
		0DDBA97A0081C7AFC0A8000F /* Resources */ = {
			isa = PBXGroup;
			children = (
				0DDBA97B0081C7AFC0A8000F /* BundleInserter.postamble */,
				0DDBA97E0081C7AFC0A8000F /* BundleInserter.gdb */,
				0DDBA9810081C7AFC0A8000F /* SenDateInterval.strings */,
				0DDBA9840081C7AFC0A8000F /* BundleInserter.preamble */,
			);
			name = Resources;
			sourceTree = "<group>";
		};
		0DDBA9870081C7AFC0A8000F /* Supporting Files */ = {
			isa = PBXGroup;
			children = (
				0DDBA9880081C7AFC0A8000F /* h.template */,
				0DDBA9890081C7AFC0A8000F /* m.template */,
				0DDBA98A0081C7AFC0A8000F /* Makefile */,
				0DDBA98B0081C7AFC0A8000F /* Makefile.postamble */,
				0DDBA98C0081C7AFC0A8000F /* Makefile.preamble */,
				0DDBA98D0081C7AFC0A8000F /* OpenSourceLicense.html */,
			);
			name = "Supporting Files";
			sourceTree = "<group>";
		};
		0DDBA98E0081C7AFC0A8000F /* External Frameworks and Libraries */ = {
			isa = PBXGroup;
			children = (
				0DDBA98F0081C7AFC0A8000F /* Foundation.framework */,
			);
			name = "External Frameworks and Libraries";
			sourceTree = "<group>";
		};
		0DDBA9910081C7AFC0A8000F /* Products */ = {
			isa = PBXGroup;
			children = (
				0DDBA9920081C7AFC0A8000F /* SenFoundation.framework */,
			);
			name = Products;
			sourceTree = "<group>";
		};
/* End PBXGroup section */

/* Begin PBXHeadersBuildPhase section */
		0DDBA9940081C7AFC0A8000F /* Headers */ = {
			isa = PBXHeadersBuildPhase;
			buildActionMask = 2147483647;
			files = (
				0DDBA9950081C7AFC0A8000F /* NSArray_SenAdditions.h in Headers */,
				0DDBA9960081C7AFC0A8000F /* NSBundle_SenAdditions.h in Headers */,
				0DDBA9970081C7AFC0A8000F /* NSException_SenAdditions.h in Headers */,
				0DDBA9980081C7AFC0A8000F /* NSMutableDictionary_SenAdditions.h in Headers */,
				0DDBA9990081C7AFC0A8000F /* NSObject_SenAdditions.h in Headers */,
				0DDBA99A0081C7AFC0A8000F /* NSObject_SenRuntimeUtilities.h in Headers */,
				0DDBA99B0081C7AFC0A8000F /* NSObject_SenTree.h in Headers */,
				0DDBA99C0081C7AFC0A8000F /* NSString_SenAdditions.h in Headers */,
				0DDBA99D0081C7AFC0A8000F /* NSTask_SenAdditions.h in Headers */,
				0DDBA99E0081C7AFC0A8000F /* NSUserDefaults_SenAdditions.h in Headers */,
				0DDBA99F0081C7AFC0A8000F /* SenAssertion.h in Headers */,
				0DDBA9A00081C7AFC0A8000F /* SenClassEnumerator.h in Headers */,
				0DDBA9A10081C7AFC0A8000F /* SenCollection.h in Headers */,
				0DDBA9A20081C7AFC0A8000F /* SenDateInterval.h in Headers */,
				0DDBA9A30081C7AFC0A8000F /* SenEmptiness.h in Headers */,
				0DDBA9A40081C7AFC0A8000F /* SenFileSystemTree.h in Headers */,
				0DDBA9A50081C7AFC0A8000F /* SenFoundation.h in Headers */,
				0DDBA9A60081C7AFC0A8000F /* SenFoundationDefines.h in Headers */,
				0DDBA9A70081C7AFC0A8000F /* SenInvocationEnumerator.h in Headers */,
				0DDBA9A80081C7AFC0A8000F /* SenSelection.h in Headers */,
				0DDBA9A90081C7AFC0A8000F /* SenTreeEnumerator.h in Headers */,
				0DDBA9AA0081C7AFC0A8000F /* SenTrees.h in Headers */,
				0DDBA9AB0081C7AFC0A8000F /* SenUtilities.h in Headers */,
			);
			runOnlyForDeploymentPostprocessing = 0;
		};
/* End PBXHeadersBuildPhase section */

/* Begin PBXProject section */
		0DDBA94C0081C7AFC0A8000F /* Project object */ = {
			isa = PBXProject;
			buildConfigurationList = 43CD7B7F0DBFCAE800644FF2 /* Build configuration list for PBXProject "SenFoundation" */;
			compatibilityVersion = "Xcode 2.4";
			hasScannedForEncodings = 0;
			mainGroup = 0DDBA94D0081C7AFC0A8000F /* SenFoundation */;
			productRefGroup = 0DDBA9910081C7AFC0A8000F /* Products */;
			projectDirPath = "";
			projectRoot = "";
			targets = (
				0DDBA9930081C7AFC0A8000F /* SenFoundation */,
			);
		};
/* End PBXProject section */

/* Begin PBXResourcesBuildPhase section */
		0DDBA9AC0081C7AFC0A8000F /* Resources */ = {
			isa = PBXResourcesBuildPhase;
			buildActionMask = 2147483647;
			files = (
				0DDBA9AD0081C7AFC0A8000F /* BundleInserter.postamble in Resources */,
				0DDBA9AE0081C7AFC0A8000F /* BundleInserter.gdb in Resources */,
				0DDBA9AF0081C7AFC0A8000F /* SenDateInterval.strings in Resources */,
				0DDBA9B00081C7AFC0A8000F /* BundleInserter.preamble in Resources */,
			);
			runOnlyForDeploymentPostprocessing = 0;
		};
/* End PBXResourcesBuildPhase section */

/* Begin PBXRezBuildPhase section */
		0DDBA9C70081C7AFC0A8000F /* Rez */ = {
			isa = PBXRezBuildPhase;
			buildActionMask = 2147483647;
			files = (
			);
			runOnlyForDeploymentPostprocessing = 0;
		};
/* End PBXRezBuildPhase section */

/* Begin PBXSourcesBuildPhase section */
		0DDBA9B10081C7AFC0A8000F /* Sources */ = {
			isa = PBXSourcesBuildPhase;
			buildActionMask = 2147483647;
			files = (
				0DDBA9B20081C7AFC0A8000F /* NSArray_SenAdditions.m in Sources */,
				0DDBA9B30081C7AFC0A8000F /* NSBundle_SenAdditions.m in Sources */,
				0DDBA9B40081C7AFC0A8000F /* NSException_SenAdditions.m in Sources */,
				0DDBA9B50081C7AFC0A8000F /* NSMutableDictionary_SenAdditions.m in Sources */,
				0DDBA9B60081C7AFC0A8000F /* NSObject_SenAdditions.m in Sources */,
				0DDBA9B70081C7AFC0A8000F /* NSObject_SenRuntimeUtilities.m in Sources */,
				0DDBA9B80081C7AFC0A8000F /* NSObject_SenTree.m in Sources */,
				0DDBA9B90081C7AFC0A8000F /* NSString_SenAdditions.m in Sources */,
				0DDBA9BA0081C7AFC0A8000F /* NSTask_SenAdditions.m in Sources */,
				0DDBA9BB0081C7AFC0A8000F /* NSUserDefaults_SenAdditions.m in Sources */,
				0DDBA9BC0081C7AFC0A8000F /* SenClassEnumerator.m in Sources */,
				0DDBA9BD0081C7AFC0A8000F /* SenCollection.m in Sources */,
				0DDBA9BE0081C7AFC0A8000F /* SenDateInterval.m in Sources */,
				0DDBA9BF0081C7AFC0A8000F /* SenEmptiness.m in Sources */,
				0DDBA9C00081C7AFC0A8000F /* SenFileSystemTree.m in Sources */,
				0DDBA9C10081C7AFC0A8000F /* SenInvocationEnumerator.m in Sources */,
				0DDBA9C20081C7AFC0A8000F /* SenSelection.m in Sources */,
				0DDBA9C30081C7AFC0A8000F /* SenTreeEnumerator.m in Sources */,
				0DDBA9C40081C7AFC0A8000F /* SenUtilities.m in Sources */,
			);
			runOnlyForDeploymentPostprocessing = 0;
		};
/* End PBXSourcesBuildPhase section */

/* Begin PBXVariantGroup section */
		0DDBA97B0081C7AFC0A8000F /* BundleInserter.postamble */ = {
			isa = PBXVariantGroup;
			children = (
				0DDBA97C0081C7AFC0A8000F /* Global - windows */,
				0DDBA97D0081C7AFC0A8000F /* Global */,
			);
			name = BundleInserter.postamble;
			sourceTree = "<group>";
		};
		0DDBA97E0081C7AFC0A8000F /* BundleInserter.gdb */ = {
			isa = PBXVariantGroup;
			children = (
				0DDBA97F0081C7AFC0A8000F /* Global - windows */,
				0DDBA9800081C7AFC0A8000F /* Global */,
			);
			name = BundleInserter.gdb;
			sourceTree = "<group>";
		};
		0DDBA9810081C7AFC0A8000F /* SenDateInterval.strings */ = {
			isa = PBXVariantGroup;
			children = (
				0DDBA9820081C7AFC0A8000F /* French */,
				0DDBA9830081C7AFC0A8000F /* English */,
			);
			name = SenDateInterval.strings;
			sourceTree = "<group>";
		};
		0DDBA9840081C7AFC0A8000F /* BundleInserter.preamble */ = {
			isa = PBXVariantGroup;
			children = (
				0DDBA9850081C7AFC0A8000F /* Global - windows */,
				0DDBA9860081C7AFC0A8000F /* Global */,
			);
			name = BundleInserter.preamble;
			sourceTree = "<group>";
		};
/* End PBXVariantGroup section */

/* Begin XCBuildConfiguration section */
		43CD7B7B0DBFCAE800644FF2 /* Development */ = {
			isa = XCBuildConfiguration;
			buildSettings = {
				COPY_PHASE_STRIP = NO;
				DYLIB_COMPATIBILITY_VERSION = 1;
				DYLIB_CURRENT_VERSION = 1;
				FRAMEWORK_VERSION = A;
				GCC_DYNAMIC_NO_PIC = NO;
				GCC_ENABLE_FIX_AND_CONTINUE = YES;
				GCC_GENERATE_DEBUGGING_SYMBOLS = YES;
				GCC_OPTIMIZATION_LEVEL = 0;
				INSTALL_PATH = "@executable_path/../Frameworks";
				OPTIMIZATION_CFLAGS = "-O3";
				OTHER_CFLAGS = "-DMACOSX";
				OTHER_LDFLAGS = (
					"-seg1addr",
					0x15000000,
				);
				OTHER_LIBTOOL_FLAGS = "";
				OTHER_REZFLAGS = "";
				PRINCIPAL_CLASS = "";
				PRODUCT_NAME = SenFoundation;
				SECTORDER_FLAGS = "";
				SKIP_INSTALL = YES;
				WARNING_CFLAGS = (
					"-Wmost",
					"-Wno-four-char-constants",
					"-Wno-unknown-pragmas",
				);
				WRAPPER_EXTENSION = framework;
				ZERO_LINK = YES;
			};
			name = Development;
		};
		43CD7B7C0DBFCAE800644FF2 /* Deployment */ = {
			isa = XCBuildConfiguration;
			buildSettings = {
				COPY_PHASE_STRIP = YES;
				DYLIB_COMPATIBILITY_VERSION = 1;
				DYLIB_CURRENT_VERSION = 1;
				FRAMEWORK_VERSION = A;
				GCC_ENABLE_FIX_AND_CONTINUE = NO;
				INSTALL_PATH = "$(LOCAL_LIBRARY_DIR)/Frameworks";
				OPTIMIZATION_CFLAGS = "-O3";
				OTHER_CFLAGS = "-DMACOSX";
				OTHER_LDFLAGS = (
					"-seg1addr",
					0x15000000,
				);
				OTHER_LIBTOOL_FLAGS = "";
				OTHER_REZFLAGS = "";
				PRINCIPAL_CLASS = "";
				PRODUCT_NAME = SenFoundation;
				SECTORDER_FLAGS = "";
				SKIP_INSTALL = NO;
				WARNING_CFLAGS = (
					"-Wmost",
					"-Wno-four-char-constants",
					"-Wno-unknown-pragmas",
				);
				WRAPPER_EXTENSION = framework;
				ZERO_LINK = NO;
			};
			name = Deployment;
		};
		43CD7B7D0DBFCAE800644FF2 /* Embedded */ = {
			isa = XCBuildConfiguration;
			buildSettings = {
				COPY_PHASE_STRIP = YES;
				DYLIB_COMPATIBILITY_VERSION = 1;
				DYLIB_CURRENT_VERSION = 1;
				FRAMEWORK_VERSION = A;
				INSTALL_PATH = "@executable_path/../Frameworks";
				OPTIMIZATION_CFLAGS = "-O3";
				OTHER_CFLAGS = "-DMACOSX";
				OTHER_LDFLAGS = (
					"-seg1addr",
					0x15000000,
				);
				OTHER_LIBTOOL_FLAGS = "";
				OTHER_REZFLAGS = "";
				PRINCIPAL_CLASS = "";
				PRODUCT_NAME = SenFoundation;
				SECTORDER_FLAGS = "";
				SKIP_INSTALL = YES;
				WARNING_CFLAGS = (
					"-Wmost",
					"-Wno-four-char-constants",
					"-Wno-unknown-pragmas",
				);
				WRAPPER_EXTENSION = framework;
			};
			name = Embedded;
		};
		43CD7B7E0DBFCAE800644FF2 /* Default */ = {
			isa = XCBuildConfiguration;
			buildSettings = {
				DYLIB_COMPATIBILITY_VERSION = 1;
				DYLIB_CURRENT_VERSION = 1;
				FRAMEWORK_VERSION = A;
				INSTALL_PATH = "@executable_path/../Frameworks";
				OPTIMIZATION_CFLAGS = "-O3";
				OTHER_CFLAGS = "-DMACOSX";
				OTHER_LDFLAGS = (
					"-seg1addr",
					0x15000000,
				);
				OTHER_LIBTOOL_FLAGS = "";
				OTHER_REZFLAGS = "";
				PRINCIPAL_CLASS = "";
				PRODUCT_NAME = SenFoundation;
				SECTORDER_FLAGS = "";
				SKIP_INSTALL = YES;
				WARNING_CFLAGS = (
					"-Wmost",
					"-Wno-four-char-constants",
					"-Wno-unknown-pragmas",
				);
				WRAPPER_EXTENSION = framework;
			};
			name = Default;
		};
		43CD7B800DBFCAE800644FF2 /* Development */ = {
			isa = XCBuildConfiguration;
			buildSettings = {
			};
			name = Development;
		};
		43CD7B810DBFCAE800644FF2 /* Deployment */ = {
			isa = XCBuildConfiguration;
			buildSettings = {
			};
			name = Deployment;
		};
		43CD7B820DBFCAE800644FF2 /* Embedded */ = {
			isa = XCBuildConfiguration;
			buildSettings = {
			};
			name = Embedded;
		};
		43CD7B830DBFCAE800644FF2 /* Default */ = {
			isa = XCBuildConfiguration;
			buildSettings = {
			};
			name = Default;
		};
/* End XCBuildConfiguration section */

/* Begin XCConfigurationList section */
		43CD7B7A0DBFCAE800644FF2 /* Build configuration list for PBXFrameworkTarget "SenFoundation" */ = {
			isa = XCConfigurationList;
			buildConfigurations = (
				43CD7B7B0DBFCAE800644FF2 /* Development */,
				43CD7B7C0DBFCAE800644FF2 /* Deployment */,
				43CD7B7D0DBFCAE800644FF2 /* Embedded */,
				43CD7B7E0DBFCAE800644FF2 /* Default */,
			);
			defaultConfigurationIsVisible = 0;
			defaultConfigurationName = Default;
		};
		43CD7B7F0DBFCAE800644FF2 /* Build configuration list for PBXProject "SenFoundation" */ = {
			isa = XCConfigurationList;
			buildConfigurations = (
				43CD7B800DBFCAE800644FF2 /* Development */,
				43CD7B810DBFCAE800644FF2 /* Deployment */,
				43CD7B820DBFCAE800644FF2 /* Embedded */,
				43CD7B830DBFCAE800644FF2 /* Default */,
			);
			defaultConfigurationIsVisible = 0;
			defaultConfigurationName = Default;
		};
/* End XCConfigurationList section */
	};
	rootObject = 0DDBA94C0081C7AFC0A8000F /* Project object */;
}
