// !$*UTF8*$!
{
	archiveVersion = 1;
	classes = {
	};
	objectVersion = 42;
	objects = {

/* Begin PBXBuildFile section */
		43B8CCF20DC05216001128F3 /* NSArray_SenAdditions.h in Headers */ = {isa = PBXBuildFile; fileRef = 0DDBA9630081C7AFC0A8000F /* NSArray_SenAdditions.h */; settings = {ATTRIBUTES = (Public, ); }; };
		43B8CCF30DC05216001128F3 /* NSBundle_SenAdditions.h in Headers */ = {isa = PBXBuildFile; fileRef = 0DDBA9640081C7AFC0A8000F /* NSBundle_SenAdditions.h */; settings = {ATTRIBUTES = (Public, ); }; };
		43B8CCF40DC05216001128F3 /* NSException_SenAdditions.h in Headers */ = {isa = PBXBuildFile; fileRef = 0DDBA9650081C7AFC0A8000F /* NSException_SenAdditions.h */; settings = {ATTRIBUTES = (Public, ); }; };
		43B8CCF50DC05216001128F3 /* NSMutableDictionary_SenAdditions.h in Headers */ = {isa = PBXBuildFile; fileRef = 0DDBA9660081C7AFC0A8000F /* NSMutableDictionary_SenAdditions.h */; settings = {ATTRIBUTES = (Public, ); }; };
		43B8CCF60DC05216001128F3 /* NSObject_SenAdditions.h in Headers */ = {isa = PBXBuildFile; fileRef = 0DDBA9670081C7AFC0A8000F /* NSObject_SenAdditions.h */; settings = {ATTRIBUTES = (Public, ); }; };
		43B8CCF70DC05216001128F3 /* NSObject_SenRuntimeUtilities.h in Headers */ = {isa = PBXBuildFile; fileRef = 0DDBA9680081C7AFC0A8000F /* NSObject_SenRuntimeUtilities.h */; settings = {ATTRIBUTES = (Public, ); }; };
		43B8CCF80DC05216001128F3 /* NSObject_SenTree.h in Headers */ = {isa = PBXBuildFile; fileRef = 0DDBA9690081C7AFC0A8000F /* NSObject_SenTree.h */; settings = {ATTRIBUTES = (Public, ); }; };
		43B8CCF90DC05216001128F3 /* NSString_SenAdditions.h in Headers */ = {isa = PBXBuildFile; fileRef = 0DDBA96A0081C7AFC0A8000F /* NSString_SenAdditions.h */; settings = {ATTRIBUTES = (Public, ); }; };
		43B8CCFA0DC05216001128F3 /* NSTask_SenAdditions.h in Headers */ = {isa = PBXBuildFile; fileRef = 0DDBA96B0081C7AFC0A8000F /* NSTask_SenAdditions.h */; settings = {ATTRIBUTES = (Public, ); }; };
		43B8CCFB0DC05216001128F3 /* NSUserDefaults_SenAdditions.h in Headers */ = {isa = PBXBuildFile; fileRef = 0DDBA96C0081C7AFC0A8000F /* NSUserDefaults_SenAdditions.h */; settings = {ATTRIBUTES = (Public, ); }; };
		43B8CCFC0DC05216001128F3 /* SenAssertion.h in Headers */ = {isa = PBXBuildFile; fileRef = 0DDBA96D0081C7AFC0A8000F /* SenAssertion.h */; settings = {ATTRIBUTES = (Public, ); }; };
		43B8CCFD0DC05216001128F3 /* SenClassEnumerator.h in Headers */ = {isa = PBXBuildFile; fileRef = 0DDBA96E0081C7AFC0A8000F /* SenClassEnumerator.h */; settings = {ATTRIBUTES = (); }; };
		43B8CCFE0DC05216001128F3 /* SenCollection.h in Headers */ = {isa = PBXBuildFile; fileRef = 0DDBA96F0081C7AFC0A8000F /* SenCollection.h */; settings = {ATTRIBUTES = (Public, ); }; };
		43B8CCFF0DC05216001128F3 /* SenDateInterval.h in Headers */ = {isa = PBXBuildFile; fileRef = 0DDBA9700081C7AFC0A8000F /* SenDateInterval.h */; settings = {ATTRIBUTES = (Public, ); }; };
		43B8CD000DC05216001128F3 /* SenEmptiness.h in Headers */ = {isa = PBXBuildFile; fileRef = 0DDBA9710081C7AFC0A8000F /* SenEmptiness.h */; settings = {ATTRIBUTES = (Public, ); }; };
		43B8CD010DC05216001128F3 /* SenFileSystemTree.h in Headers */ = {isa = PBXBuildFile; fileRef = 0DDBA9720081C7AFC0A8000F /* SenFileSystemTree.h */; settings = {ATTRIBUTES = (Public, ); }; };
		43B8CD020DC05216001128F3 /* SenFoundation.h in Headers */ = {isa = PBXBuildFile; fileRef = 0DDBA9730081C7AFC0A8000F /* SenFoundation.h */; settings = {ATTRIBUTES = (Public, ); }; };
		43B8CD030DC05216001128F3 /* SenFoundationDefines.h in Headers */ = {isa = PBXBuildFile; fileRef = 0DDBA9740081C7AFC0A8000F /* SenFoundationDefines.h */; settings = {ATTRIBUTES = (Public, ); }; };
		43B8CD040DC05216001128F3 /* SenInvocationEnumerator.h in Headers */ = {isa = PBXBuildFile; fileRef = 0DDBA9750081C7AFC0A8000F /* SenInvocationEnumerator.h */; settings = {ATTRIBUTES = (); }; };
		43B8CD050DC05216001128F3 /* SenSelection.h in Headers */ = {isa = PBXBuildFile; fileRef = 0DDBA9760081C7AFC0A8000F /* SenSelection.h */; settings = {ATTRIBUTES = (Public, ); }; };
		43B8CD060DC05216001128F3 /* SenTreeEnumerator.h in Headers */ = {isa = PBXBuildFile; fileRef = 0DDBA9770081C7AFC0A8000F /* SenTreeEnumerator.h */; settings = {ATTRIBUTES = (Public, ); }; };
		43B8CD070DC05216001128F3 /* SenTrees.h in Headers */ = {isa = PBXBuildFile; fileRef = 0DDBA9780081C7AFC0A8000F /* SenTrees.h */; settings = {ATTRIBUTES = (Public, ); }; };
		43B8CD080DC05216001128F3 /* SenUtilities.h in Headers */ = {isa = PBXBuildFile; fileRef = 0DDBA9790081C7AFC0A8000F /* SenUtilities.h */; settings = {ATTRIBUTES = (Public, ); }; };
		43B8CD1B0DC052C4001128F3 /* BundleInserter.gdb in Resources */ = {isa = PBXBuildFile; fileRef = 0DDBA97E0081C7AFC0A8000F /* BundleInserter.gdb */; };
		43B8CD1C0DC052C4001128F3 /* SenDateInterval.strings in Resources */ = {isa = PBXBuildFile; fileRef = 0DDBA9810081C7AFC0A8000F /* SenDateInterval.strings */; };
		43B8CD1D0DC052C4001128F3 /* BundleInserter.preamble in Resources */ = {isa = PBXBuildFile; fileRef = 0DDBA9840081C7AFC0A8000F /* BundleInserter.preamble */; };
		43B8CD1E0DC052C4001128F3 /* BundleInserter.postamble in Resources */ = {isa = PBXBuildFile; fileRef = 0DDBA97B0081C7AFC0A8000F /* BundleInserter.postamble */; };
		43B8CD1F0DC052CF001128F3 /* SenClassEnumerator.m in Sources */ = {isa = PBXBuildFile; fileRef = 0DDBA9590081C7AFC0A8000F /* SenClassEnumerator.m */; };
		43B8CD200DC052CF001128F3 /* NSTask_SenAdditions.m in Sources */ = {isa = PBXBuildFile; fileRef = 0DDBA9570081C7AFC0A8000F /* NSTask_SenAdditions.m */; };
		43B8CD210DC052CF001128F3 /* NSObject_SenRuntimeUtilities.m in Sources */ = {isa = PBXBuildFile; fileRef = 0DDBA9540081C7AFC0A8000F /* NSObject_SenRuntimeUtilities.m */; };
		43B8CD220DC052CF001128F3 /* NSBundle_SenAdditions.m in Sources */ = {isa = PBXBuildFile; fileRef = 0DDBA9500081C7AFC0A8000F /* NSBundle_SenAdditions.m */; };
		43B8CD230DC052CF001128F3 /* NSObject_SenTree.m in Sources */ = {isa = PBXBuildFile; fileRef = 0DDBA9550081C7AFC0A8000F /* NSObject_SenTree.m */; };
		43B8CD240DC052CF001128F3 /* NSMutableDictionary_SenAdditions.m in Sources */ = {isa = PBXBuildFile; fileRef = 0DDBA9520081C7AFC0A8000F /* NSMutableDictionary_SenAdditions.m */; };
		43B8CD250DC052CF001128F3 /* NSArray_SenAdditions.m in Sources */ = {isa = PBXBuildFile; fileRef = 0DDBA94F0081C7AFC0A8000F /* NSArray_SenAdditions.m */; };
		43B8CD260DC052CF001128F3 /* SenUtilities.m in Sources */ = {isa = PBXBuildFile; fileRef = 0DDBA9610081C7AFC0A8000F /* SenUtilities.m */; };
		43B8CD270DC052CF001128F3 /* SenTreeEnumerator.m in Sources */ = {isa = PBXBuildFile; fileRef = 0DDBA9600081C7AFC0A8000F /* SenTreeEnumerator.m */; };
		43B8CD280DC052CF001128F3 /* SenSelection.m in Sources */ = {isa = PBXBuildFile; fileRef = 0DDBA95F0081C7AFC0A8000F /* SenSelection.m */; };
		43B8CD290DC052CF001128F3 /* SenInvocationEnumerator.m in Sources */ = {isa = PBXBuildFile; fileRef = 0DDBA95E0081C7AFC0A8000F /* SenInvocationEnumerator.m */; };
		43B8CD2A0DC052CF001128F3 /* SenFileSystemTree.m in Sources */ = {isa = PBXBuildFile; fileRef = 0DDBA95D0081C7AFC0A8000F /* SenFileSystemTree.m */; };
		43B8CD2B0DC052CF001128F3 /* NSString_SenAdditions.m in Sources */ = {isa = PBXBuildFile; fileRef = 0DDBA9560081C7AFC0A8000F /* NSString_SenAdditions.m */; };
		43B8CD2C0DC052CF001128F3 /* SenDateInterval.m in Sources */ = {isa = PBXBuildFile; fileRef = 0DDBA95B0081C7AFC0A8000F /* SenDateInterval.m */; };
		43B8CD2D0DC052CF001128F3 /* NSObject_SenAdditions.m in Sources */ = {isa = PBXBuildFile; fileRef = 0DDBA9530081C7AFC0A8000F /* NSObject_SenAdditions.m */; };
		43B8CD2E0DC052CF001128F3 /* SenCollection.m in Sources */ = {isa = PBXBuildFile; fileRef = 0DDBA95A0081C7AFC0A8000F /* SenCollection.m */; };
		43B8CD2F0DC052CF001128F3 /* NSException_SenAdditions.m in Sources */ = {isa = PBXBuildFile; fileRef = 0DDBA9510081C7AFC0A8000F /* NSException_SenAdditions.m */; };
		43B8CD300DC052CF001128F3 /* SenEmptiness.m in Sources */ = {isa = PBXBuildFile; fileRef = 0DDBA95C0081C7AFC0A8000F /* SenEmptiness.m */; };
		43B8CD310DC052CF001128F3 /* NSUserDefaults_SenAdditions.m in Sources */ = {isa = PBXBuildFile; fileRef = 0DDBA9580081C7AFC0A8000F /* NSUserDefaults_SenAdditions.m */; };
		43B8CD320DC052DC001128F3 /* Foundation.framework in Frameworks */ = {isa = PBXBuildFile; fileRef = 0DDBA98F0081C7AFC0A8000F /* Foundation.framework */; };
/* End PBXBuildFile section */

/* Begin PBXFileReference section */
		0DDBA94F0081C7AFC0A8000F /* NSArray_SenAdditions.m */ = {isa = PBXFileReference; lastKnownFileType = sourcecode.c.objc; path = NSArray_SenAdditions.m; sourceTree = "<group>"; };
		0DDBA9500081C7AFC0A8000F /* NSBundle_SenAdditions.m */ = {isa = PBXFileReference; lastKnownFileType = sourcecode.c.objc; path = NSBundle_SenAdditions.m; sourceTree = "<group>"; };
		0DDBA9510081C7AFC0A8000F /* NSException_SenAdditions.m */ = {isa = PBXFileReference; lastKnownFileType = sourcecode.c.objc; path = NSException_SenAdditions.m; sourceTree = "<group>"; };
		0DDBA9520081C7AFC0A8000F /* NSMutableDictionary_SenAdditions.m */ = {isa = PBXFileReference; lastKnownFileType = sourcecode.c.objc; path = NSMutableDictionary_SenAdditions.m; sourceTree = "<group>"; };
		0DDBA9530081C7AFC0A8000F /* NSObject_SenAdditions.m */ = {isa = PBXFileReference; lastKnownFileType = sourcecode.c.objc; path = NSObject_SenAdditions.m; sourceTree = "<group>"; };
		0DDBA9540081C7AFC0A8000F /* NSObject_SenRuntimeUtilities.m */ = {isa = PBXFileReference; lastKnownFileType = sourcecode.c.objc; path = NSObject_SenRuntimeUtilities.m; sourceTree = "<group>"; };
		0DDBA9550081C7AFC0A8000F /* NSObject_SenTree.m */ = {isa = PBXFileReference; lastKnownFileType = sourcecode.c.objc; path = NSObject_SenTree.m; sourceTree = "<group>"; };
		0DDBA9560081C7AFC0A8000F /* NSString_SenAdditions.m */ = {isa = PBXFileReference; lastKnownFileType = sourcecode.c.objc; path = NSString_SenAdditions.m; sourceTree = "<group>"; };
		0DDBA9570081C7AFC0A8000F /* NSTask_SenAdditions.m */ = {isa = PBXFileReference; lastKnownFileType = sourcecode.c.objc; path = NSTask_SenAdditions.m; sourceTree = "<group>"; };
		0DDBA9580081C7AFC0A8000F /* NSUserDefaults_SenAdditions.m */ = {isa = PBXFileReference; lastKnownFileType = sourcecode.c.objc; path = NSUserDefaults_SenAdditions.m; sourceTree = "<group>"; };
		0DDBA9590081C7AFC0A8000F /* SenClassEnumerator.m */ = {isa = PBXFileReference; lastKnownFileType = sourcecode.c.objc; path = SenClassEnumerator.m; sourceTree = "<group>"; };
		0DDBA95A0081C7AFC0A8000F /* SenCollection.m */ = {isa = PBXFileReference; lastKnownFileType = sourcecode.c.objc; path = SenCollection.m; sourceTree = "<group>"; };
		0DDBA95B0081C7AFC0A8000F /* SenDateInterval.m */ = {isa = PBXFileReference; lastKnownFileType = sourcecode.c.objc; path = SenDateInterval.m; sourceTree = "<group>"; };
		0DDBA95C0081C7AFC0A8000F /* SenEmptiness.m */ = {isa = PBXFileReference; lastKnownFileType = sourcecode.c.objc; path = SenEmptiness.m; sourceTree = "<group>"; };
		0DDBA95D0081C7AFC0A8000F /* SenFileSystemTree.m */ = {isa = PBXFileReference; lastKnownFileType = sourcecode.c.objc; path = SenFileSystemTree.m; sourceTree = "<group>"; };
		0DDBA95E0081C7AFC0A8000F /* SenInvocationEnumerator.m */ = {isa = PBXFileReference; lastKnownFileType = sourcecode.c.objc; path = SenInvocationEnumerator.m; sourceTree = "<group>"; };
		0DDBA95F0081C7AFC0A8000F /* SenSelection.m */ = {isa = PBXFileReference; lastKnownFileType = sourcecode.c.objc; path = SenSelection.m; sourceTree = "<group>"; };
		0DDBA9600081C7AFC0A8000F /* SenTreeEnumerator.m */ = {isa = PBXFileReference; lastKnownFileType = sourcecode.c.objc; path = SenTreeEnumerator.m; sourceTree = "<group>"; };
		0DDBA9610081C7AFC0A8000F /* SenUtilities.m */ = {isa = PBXFileReference; lastKnownFileType = sourcecode.c.objc; path = SenUtilities.m; sourceTree = "<group>"; };
		0DDBA9630081C7AFC0A8000F /* NSArray_SenAdditions.h */ = {isa = PBXFileReference; lastKnownFileType = sourcecode.c.h; path = NSArray_SenAdditions.h; sourceTree = "<group>"; };
		0DDBA9640081C7AFC0A8000F /* NSBundle_SenAdditions.h */ = {isa = PBXFileReference; lastKnownFileType = sourcecode.c.h; path = NSBundle_SenAdditions.h; sourceTree = "<group>"; };
		0DDBA9650081C7AFC0A8000F /* NSException_SenAdditions.h */ = {isa = PBXFileReference; lastKnownFileType = sourcecode.c.h; path = NSException_SenAdditions.h; sourceTree = "<group>"; };
		0DDBA9660081C7AFC0A8000F /* NSMutableDictionary_SenAdditions.h */ = {isa = PBXFileReference; lastKnownFileType = sourcecode.c.h; path = NSMutableDictionary_SenAdditions.h; sourceTree = "<group>"; };
		0DDBA9670081C7AFC0A8000F /* NSObject_SenAdditions.h */ = {isa = PBXFileReference; lastKnownFileType = sourcecode.c.h; path = NSObject_SenAdditions.h; sourceTree = "<group>"; };
		0DDBA9680081C7AFC0A8000F /* NSObject_SenRuntimeUtilities.h */ = {isa = PBXFileReference; lastKnownFileType = sourcecode.c.h; path = NSObject_SenRuntimeUtilities.h; sourceTree = "<group>"; };
		0DDBA9690081C7AFC0A8000F /* NSObject_SenTree.h */ = {isa = PBXFileReference; lastKnownFileType = sourcecode.c.h; path = NSObject_SenTree.h; sourceTree = "<group>"; };
		0DDBA96A0081C7AFC0A8000F /* NSString_SenAdditions.h */ = {isa = PBXFileReference; lastKnownFileType = sourcecode.c.h; path = NSString_SenAdditions.h; sourceTree = "<group>"; };
		0DDBA96B0081C7AFC0A8000F /* NSTask_SenAdditions.h */ = {isa = PBXFileReference; lastKnownFileType = sourcecode.c.h; path = NSTask_SenAdditions.h; sourceTree = "<group>"; };
		0DDBA96C0081C7AFC0A8000F /* NSUserDefaults_SenAdditions.h */ = {isa = PBXFileReference; lastKnownFileType = sourcecode.c.h; path = NSUserDefaults_SenAdditions.h; sourceTree = "<group>"; };
		0DDBA96D0081C7AFC0A8000F /* SenAssertion.h */ = {isa = PBXFileReference; lastKnownFileType = sourcecode.c.h; path = SenAssertion.h; sourceTree = "<group>"; };
		0DDBA96E0081C7AFC0A8000F /* SenClassEnumerator.h */ = {isa = PBXFileReference; lastKnownFileType = sourcecode.c.h; path = SenClassEnumerator.h; sourceTree = "<group>"; };
		0DDBA96F0081C7AFC0A8000F /* SenCollection.h */ = {isa = PBXFileReference; lastKnownFileType = sourcecode.c.h; path = SenCollection.h; sourceTree = "<group>"; };
		0DDBA9700081C7AFC0A8000F /* SenDateInterval.h */ = {isa = PBXFileReference; lastKnownFileType = sourcecode.c.h; path = SenDateInterval.h; sourceTree = "<group>"; };
		0DDBA9710081C7AFC0A8000F /* SenEmptiness.h */ = {isa = PBXFileReference; lastKnownFileType = sourcecode.c.h; path = SenEmptiness.h; sourceTree = "<group>"; };
		0DDBA9720081C7AFC0A8000F /* SenFileSystemTree.h */ = {isa = PBXFileReference; lastKnownFileType = sourcecode.c.h; path = SenFileSystemTree.h; sourceTree = "<group>"; };
		0DDBA9730081C7AFC0A8000F /* SenFoundation.h */ = {isa = PBXFileReference; lastKnownFileType = sourcecode.c.h; path = SenFoundation.h; sourceTree = "<group>"; };
		0DDBA9740081C7AFC0A8000F /* SenFoundationDefines.h */ = {isa = PBXFileReference; lastKnownFileType = sourcecode.c.h; path = SenFoundationDefines.h; sourceTree = "<group>"; };
		0DDBA9750081C7AFC0A8000F /* SenInvocationEnumerator.h */ = {isa = PBXFileReference; lastKnownFileType = sourcecode.c.h; path = SenInvocationEnumerator.h; sourceTree = "<group>"; };
		0DDBA9760081C7AFC0A8000F /* SenSelection.h */ = {isa = PBXFileReference; lastKnownFileType = sourcecode.c.h; path = SenSelection.h; sourceTree = "<group>"; };
		0DDBA9770081C7AFC0A8000F /* SenTreeEnumerator.h */ = {isa = PBXFileReference; lastKnownFileType = sourcecode.c.h; path = SenTreeEnumerator.h; sourceTree = "<group>"; };
		0DDBA9780081C7AFC0A8000F /* SenTrees.h */ = {isa = PBXFileReference; lastKnownFileType = sourcecode.c.h; path = SenTrees.h; sourceTree = "<group>"; };
		0DDBA9790081C7AFC0A8000F /* SenUtilities.h */ = {isa = PBXFileReference; lastKnownFileType = sourcecode.c.h; path = SenUtilities.h; sourceTree = "<group>"; };
		0DDBA97C0081C7AFC0A8000F /* Global - windows */ = {isa = PBXFileReference; lastKnownFileType = text; name = "Global - windows"; path = "BundleInserter-windows.postamble"; sourceTree = "<group>"; };
		0DDBA97D0081C7AFC0A8000F /* Global */ = {isa = PBXFileReference; lastKnownFileType = text; name = Global; path = BundleInserter.postamble; sourceTree = "<group>"; };
		0DDBA97F0081C7AFC0A8000F /* Global - windows */ = {isa = PBXFileReference; lastKnownFileType = text; name = "Global - windows"; path = "BundleInserter-windows.gdb"; sourceTree = "<group>"; };
		0DDBA9800081C7AFC0A8000F /* Global */ = {isa = PBXFileReference; lastKnownFileType = text; name = Global; path = BundleInserter.gdb; sourceTree = "<group>"; };
		0DDBA9820081C7AFC0A8000F /* French */ = {isa = PBXFileReference; lastKnownFileType = text.plist.strings; name = French; path = French.lproj/SenDateInterval.strings; sourceTree = "<group>"; };
		0DDBA9830081C7AFC0A8000F /* English */ = {isa = PBXFileReference; lastKnownFileType = text.plist.strings; name = English; path = English.lproj/SenDateInterval.strings; sourceTree = "<group>"; };
		0DDBA9850081C7AFC0A8000F /* Global - windows */ = {isa = PBXFileReference; lastKnownFileType = text; name = "Global - windows"; path = "BundleInserter-windows.preamble"; sourceTree = "<group>"; };
		0DDBA9860081C7AFC0A8000F /* Global */ = {isa = PBXFileReference; lastKnownFileType = text; name = Global; path = BundleInserter.preamble; sourceTree = "<group>"; };
		0DDBA9880081C7AFC0A8000F /* h.template */ = {isa = PBXFileReference; lastKnownFileType = text; path = h.template; sourceTree = "<group>"; };
		0DDBA9890081C7AFC0A8000F /* m.template */ = {isa = PBXFileReference; lastKnownFileType = text; path = m.template; sourceTree = "<group>"; };
		0DDBA98A0081C7AFC0A8000F /* Makefile */ = {isa = PBXFileReference; lastKnownFileType = sourcecode.make; path = Makefile; sourceTree = "<group>"; };
		0DDBA98B0081C7AFC0A8000F /* Makefile.postamble */ = {isa = PBXFileReference; lastKnownFileType = text; path = Makefile.postamble; sourceTree = "<group>"; };
		0DDBA98C0081C7AFC0A8000F /* Makefile.preamble */ = {isa = PBXFileReference; lastKnownFileType = text; path = Makefile.preamble; sourceTree = "<group>"; };
		0DDBA98D0081C7AFC0A8000F /* OpenSourceLicense.html */ = {isa = PBXFileReference; lastKnownFileType = text.html; path = OpenSourceLicense.html; sourceTree = "<group>"; };
		0DDBA98F0081C7AFC0A8000F /* Foundation.framework */ = {isa = PBXFileReference; lastKnownFileType = wrapper.framework; name = Foundation.framework; path = /System/Library/Frameworks/Foundation.framework; sourceTree = "<absolute>"; };
		43B8CCEB0DC05204001128F3 /* SenFoundation.framework */ = {isa = PBXFileReference; explicitFileType = wrapper.framework; includeInIndex = 0; path = SenFoundation.framework; sourceTree = BUILT_PRODUCTS_DIR; };
		43B8CCEC0DC05204001128F3 /* SenFoundation-Info.plist */ = {isa = PBXFileReference; lastKnownFileType = text.plist.xml; path = "SenFoundation-Info.plist"; sourceTree = "<group>"; };
/* End PBXFileReference section */

/* Begin PBXFrameworksBuildPhase section */
		43B8CCE90DC05204001128F3 /* Frameworks */ = {
			isa = PBXFrameworksBuildPhase;
			buildActionMask = 2147483647;
			files = (
				43B8CD320DC052DC001128F3 /* Foundation.framework in Frameworks */,
			);
			runOnlyForDeploymentPostprocessing = 0;
		};
/* End PBXFrameworksBuildPhase section */

/* Begin PBXGroup section */
		0DDBA94D0081C7AFC0A8000F /* SenFoundation */ = {
			isa = PBXGroup;
			children = (
				0DDBA94E0081C7AFC0A8000F /* Classes */,
				0DDBA9620081C7AFC0A8000F /* Headers */,
				0DDBA97A0081C7AFC0A8000F /* Resources */,
				0DDBA9870081C7AFC0A8000F /* Supporting Files */,
				0DDBA98E0081C7AFC0A8000F /* External Frameworks and Libraries */,
				0DDBA9910081C7AFC0A8000F /* Products */,
				43B8CCEC0DC05204001128F3 /* SenFoundation-Info.plist */,
			);
			name = SenFoundation;
			sourceTree = "<group>";
		};
		0DDBA94E0081C7AFC0A8000F /* Classes */ = {
			isa = PBXGroup;
			children = (
				0DDBA94F0081C7AFC0A8000F /* NSArray_SenAdditions.m */,
				0DDBA9500081C7AFC0A8000F /* NSBundle_SenAdditions.m */,
				0DDBA9510081C7AFC0A8000F /* NSException_SenAdditions.m */,
				0DDBA9520081C7AFC0A8000F /* NSMutableDictionary_SenAdditions.m */,
				0DDBA9530081C7AFC0A8000F /* NSObject_SenAdditions.m */,
				0DDBA9540081C7AFC0A8000F /* NSObject_SenRuntimeUtilities.m */,
				0DDBA9550081C7AFC0A8000F /* NSObject_SenTree.m */,
				0DDBA9560081C7AFC0A8000F /* NSString_SenAdditions.m */,
				0DDBA9570081C7AFC0A8000F /* NSTask_SenAdditions.m */,
				0DDBA9580081C7AFC0A8000F /* NSUserDefaults_SenAdditions.m */,
				0DDBA9590081C7AFC0A8000F /* SenClassEnumerator.m */,
				0DDBA95A0081C7AFC0A8000F /* SenCollection.m */,
				0DDBA95B0081C7AFC0A8000F /* SenDateInterval.m */,
				0DDBA95C0081C7AFC0A8000F /* SenEmptiness.m */,
				0DDBA95D0081C7AFC0A8000F /* SenFileSystemTree.m */,
				0DDBA95E0081C7AFC0A8000F /* SenInvocationEnumerator.m */,
				0DDBA95F0081C7AFC0A8000F /* SenSelection.m */,
				0DDBA9600081C7AFC0A8000F /* SenTreeEnumerator.m */,
				0DDBA9610081C7AFC0A8000F /* SenUtilities.m */,
			);
			name = Classes;
			sourceTree = "<group>";
		};
		0DDBA9620081C7AFC0A8000F /* Headers */ = {
			isa = PBXGroup;
			children = (
				0DDBA9630081C7AFC0A8000F /* NSArray_SenAdditions.h */,
				0DDBA9640081C7AFC0A8000F /* NSBundle_SenAdditions.h */,
				0DDBA9650081C7AFC0A8000F /* NSException_SenAdditions.h */,
				0DDBA9660081C7AFC0A8000F /* NSMutableDictionary_SenAdditions.h */,
				0DDBA9670081C7AFC0A8000F /* NSObject_SenAdditions.h */,
				0DDBA9680081C7AFC0A8000F /* NSObject_SenRuntimeUtilities.h */,
				0DDBA9690081C7AFC0A8000F /* NSObject_SenTree.h */,
				0DDBA96A0081C7AFC0A8000F /* NSString_SenAdditions.h */,
				0DDBA96B0081C7AFC0A8000F /* NSTask_SenAdditions.h */,
				0DDBA96C0081C7AFC0A8000F /* NSUserDefaults_SenAdditions.h */,
				0DDBA96D0081C7AFC0A8000F /* SenAssertion.h */,
				0DDBA96E0081C7AFC0A8000F /* SenClassEnumerator.h */,
				0DDBA96F0081C7AFC0A8000F /* SenCollection.h */,
				0DDBA9700081C7AFC0A8000F /* SenDateInterval.h */,
				0DDBA9710081C7AFC0A8000F /* SenEmptiness.h */,
				0DDBA9720081C7AFC0A8000F /* SenFileSystemTree.h */,
				0DDBA9730081C7AFC0A8000F /* SenFoundation.h */,
				0DDBA9740081C7AFC0A8000F /* SenFoundationDefines.h */,
				0DDBA9750081C7AFC0A8000F /* SenInvocationEnumerator.h */,
				0DDBA9760081C7AFC0A8000F /* SenSelection.h */,
				0DDBA9770081C7AFC0A8000F /* SenTreeEnumerator.h */,
				0DDBA9780081C7AFC0A8000F /* SenTrees.h */,
				0DDBA9790081C7AFC0A8000F /* SenUtilities.h */,
			);
			name = Headers;
			sourceTree = "<group>";
		};
		0DDBA97A0081C7AFC0A8000F /* Resources */ = {
			isa = PBXGroup;
			children = (
				0DDBA97B0081C7AFC0A8000F /* BundleInserter.postamble */,
				0DDBA97E0081C7AFC0A8000F /* BundleInserter.gdb */,
				0DDBA9810081C7AFC0A8000F /* SenDateInterval.strings */,
				0DDBA9840081C7AFC0A8000F /* BundleInserter.preamble */,
			);
			name = Resources;
			sourceTree = "<group>";
		};
		0DDBA9870081C7AFC0A8000F /* Supporting Files */ = {
			isa = PBXGroup;
			children = (
				0DDBA9880081C7AFC0A8000F /* h.template */,
				0DDBA9890081C7AFC0A8000F /* m.template */,
				0DDBA98A0081C7AFC0A8000F /* Makefile */,
				0DDBA98B0081C7AFC0A8000F /* Makefile.postamble */,
				0DDBA98C0081C7AFC0A8000F /* Makefile.preamble */,
				0DDBA98D0081C7AFC0A8000F /* OpenSourceLicense.html */,
			);
			name = "Supporting Files";
			sourceTree = "<group>";
		};
		0DDBA98E0081C7AFC0A8000F /* External Frameworks and Libraries */ = {
			isa = PBXGroup;
			children = (
				0DDBA98F0081C7AFC0A8000F /* Foundation.framework */,
			);
			name = "External Frameworks and Libraries";
			sourceTree = "<group>";
		};
		0DDBA9910081C7AFC0A8000F /* Products */ = {
			isa = PBXGroup;
			children = (
				43B8CCEB0DC05204001128F3 /* SenFoundation.framework */,
			);
			name = Products;
			sourceTree = "<group>";
		};
/* End PBXGroup section */

/* Begin PBXHeadersBuildPhase section */
		43B8CCE60DC05204001128F3 /* Headers */ = {
			isa = PBXHeadersBuildPhase;
			buildActionMask = 2147483647;
			files = (
				43B8CCF20DC05216001128F3 /* NSArray_SenAdditions.h in Headers */,
				43B8CCF30DC05216001128F3 /* NSBundle_SenAdditions.h in Headers */,
				43B8CCF40DC05216001128F3 /* NSException_SenAdditions.h in Headers */,
				43B8CCF50DC05216001128F3 /* NSMutableDictionary_SenAdditions.h in Headers */,
				43B8CCF60DC05216001128F3 /* NSObject_SenAdditions.h in Headers */,
				43B8CCF70DC05216001128F3 /* NSObject_SenRuntimeUtilities.h in Headers */,
				43B8CCF80DC05216001128F3 /* NSObject_SenTree.h in Headers */,
				43B8CCF90DC05216001128F3 /* NSString_SenAdditions.h in Headers */,
				43B8CCFA0DC05216001128F3 /* NSTask_SenAdditions.h in Headers */,
				43B8CCFB0DC05216001128F3 /* NSUserDefaults_SenAdditions.h in Headers */,
				43B8CCFC0DC05216001128F3 /* SenAssertion.h in Headers */,
				43B8CCFD0DC05216001128F3 /* SenClassEnumerator.h in Headers */,
				43B8CCFE0DC05216001128F3 /* SenCollection.h in Headers */,
				43B8CCFF0DC05216001128F3 /* SenDateInterval.h in Headers */,
				43B8CD000DC05216001128F3 /* SenEmptiness.h in Headers */,
				43B8CD010DC05216001128F3 /* SenFileSystemTree.h in Headers */,
				43B8CD020DC05216001128F3 /* SenFoundation.h in Headers */,
				43B8CD030DC05216001128F3 /* SenFoundationDefines.h in Headers */,
				43B8CD040DC05216001128F3 /* SenInvocationEnumerator.h in Headers */,
				43B8CD050DC05216001128F3 /* SenSelection.h in Headers */,
				43B8CD060DC05216001128F3 /* SenTreeEnumerator.h in Headers */,
				43B8CD070DC05216001128F3 /* SenTrees.h in Headers */,
				43B8CD080DC05216001128F3 /* SenUtilities.h in Headers */,
			);
			runOnlyForDeploymentPostprocessing = 0;
		};
/* End PBXHeadersBuildPhase section */

/* Begin PBXNativeTarget section */
		43B8CCEA0DC05204001128F3 /* SenFoundation */ = {
			isa = PBXNativeTarget;
			buildConfigurationList = 43B8CCF10DC05204001128F3 /* Build configuration list for PBXNativeTarget "SenFoundation" */;
			buildPhases = (
				43B8CCE60DC05204001128F3 /* Headers */,
				43B8CCE70DC05204001128F3 /* Resources */,
				43B8CCE80DC05204001128F3 /* Sources */,
				43B8CCE90DC05204001128F3 /* Frameworks */,
			);
			buildRules = (
			);
			dependencies = (
			);
			name = SenFoundation;
			productName = SenFoundation;
			productReference = 43B8CCEB0DC05204001128F3 /* SenFoundation.framework */;
			productType = "com.apple.product-type.framework";
		};
/* End PBXNativeTarget section */

/* Begin PBXProject section */
		0DDBA94C0081C7AFC0A8000F /* Project object */ = {
			isa = PBXProject;
			buildConfigurationList = 43CD7B7F0DBFCAE800644FF2 /* Build configuration list for PBXProject "SenFoundation" */;
			compatibilityVersion = "Xcode 2.4";
			hasScannedForEncodings = 0;
			mainGroup = 0DDBA94D0081C7AFC0A8000F /* SenFoundation */;
			productRefGroup = 0DDBA9910081C7AFC0A8000F /* Products */;
			projectDirPath = "";
			projectRoot = "";
			targets = (
				43B8CCEA0DC05204001128F3 /* SenFoundation */,
			);
		};
/* End PBXProject section */

/* Begin PBXResourcesBuildPhase section */
		43B8CCE70DC05204001128F3 /* Resources */ = {
			isa = PBXResourcesBuildPhase;
			buildActionMask = 2147483647;
			files = (
				43B8CD1B0DC052C4001128F3 /* BundleInserter.gdb in Resources */,
				43B8CD1C0DC052C4001128F3 /* SenDateInterval.strings in Resources */,
				43B8CD1D0DC052C4001128F3 /* BundleInserter.preamble in Resources */,
				43B8CD1E0DC052C4001128F3 /* BundleInserter.postamble in Resources */,
			);
			runOnlyForDeploymentPostprocessing = 0;
		};
/* End PBXResourcesBuildPhase section */

/* Begin PBXSourcesBuildPhase section */
		43B8CCE80DC05204001128F3 /* Sources */ = {
			isa = PBXSourcesBuildPhase;
			buildActionMask = 2147483647;
			files = (
				43B8CD1F0DC052CF001128F3 /* SenClassEnumerator.m in Sources */,
				43B8CD200DC052CF001128F3 /* NSTask_SenAdditions.m in Sources */,
				43B8CD210DC052CF001128F3 /* NSObject_SenRuntimeUtilities.m in Sources */,
				43B8CD220DC052CF001128F3 /* NSBundle_SenAdditions.m in Sources */,
				43B8CD230DC052CF001128F3 /* NSObject_SenTree.m in Sources */,
				43B8CD240DC052CF001128F3 /* NSMutableDictionary_SenAdditions.m in Sources */,
				43B8CD250DC052CF001128F3 /* NSArray_SenAdditions.m in Sources */,
				43B8CD260DC052CF001128F3 /* SenUtilities.m in Sources */,
				43B8CD270DC052CF001128F3 /* SenTreeEnumerator.m in Sources */,
				43B8CD280DC052CF001128F3 /* SenSelection.m in Sources */,
				43B8CD290DC052CF001128F3 /* SenInvocationEnumerator.m in Sources */,
				43B8CD2A0DC052CF001128F3 /* SenFileSystemTree.m in Sources */,
				43B8CD2B0DC052CF001128F3 /* NSString_SenAdditions.m in Sources */,
				43B8CD2C0DC052CF001128F3 /* SenDateInterval.m in Sources */,
				43B8CD2D0DC052CF001128F3 /* NSObject_SenAdditions.m in Sources */,
				43B8CD2E0DC052CF001128F3 /* SenCollection.m in Sources */,
				43B8CD2F0DC052CF001128F3 /* NSException_SenAdditions.m in Sources */,
				43B8CD300DC052CF001128F3 /* SenEmptiness.m in Sources */,
				43B8CD310DC052CF001128F3 /* NSUserDefaults_SenAdditions.m in Sources */,
			);
			runOnlyForDeploymentPostprocessing = 0;
		};
/* End PBXSourcesBuildPhase section */

/* Begin PBXVariantGroup section */
		0DDBA97B0081C7AFC0A8000F /* BundleInserter.postamble */ = {
			isa = PBXVariantGroup;
			children = (
				0DDBA97C0081C7AFC0A8000F /* Global - windows */,
				0DDBA97D0081C7AFC0A8000F /* Global */,
			);
			name = BundleInserter.postamble;
			sourceTree = "<group>";
		};
		0DDBA97E0081C7AFC0A8000F /* BundleInserter.gdb */ = {
			isa = PBXVariantGroup;
			children = (
				0DDBA97F0081C7AFC0A8000F /* Global - windows */,
				0DDBA9800081C7AFC0A8000F /* Global */,
			);
			name = BundleInserter.gdb;
			sourceTree = "<group>";
		};
		0DDBA9810081C7AFC0A8000F /* SenDateInterval.strings */ = {
			isa = PBXVariantGroup;
			children = (
				0DDBA9820081C7AFC0A8000F /* French */,
				0DDBA9830081C7AFC0A8000F /* English */,
			);
			name = SenDateInterval.strings;
			sourceTree = "<group>";
		};
		0DDBA9840081C7AFC0A8000F /* BundleInserter.preamble */ = {
			isa = PBXVariantGroup;
			children = (
				0DDBA9850081C7AFC0A8000F /* Global - windows */,
				0DDBA9860081C7AFC0A8000F /* Global */,
			);
			name = BundleInserter.preamble;
			sourceTree = "<group>";
		};
/* End PBXVariantGroup section */

/* Begin XCBuildConfiguration section */
		43B8CCED0DC05204001128F3 /* Development */ = {
			isa = XCBuildConfiguration;
			buildSettings = {
				ALWAYS_SEARCH_USER_PATHS = NO;
				ARCHS = "$(ARCHS_STANDARD_32_BIT_PRE_XCODE_3_1)";
				ARCHS_STANDARD_32_BIT_PRE_XCODE_3_1 = "ppc i386";
				COPY_PHASE_STRIP = NO;
				DYLIB_COMPATIBILITY_VERSION = 1;
				DYLIB_CURRENT_VERSION = 1;
				FRAMEWORK_VERSION = A;
				GCC_DYNAMIC_NO_PIC = NO;
				GCC_ENABLE_FIX_AND_CONTINUE = YES;
				GCC_MODEL_TUNING = G5;
				GCC_OPTIMIZATION_LEVEL = 0;
				GCC_PRECOMPILE_PREFIX_HEADER = YES;
				INFOPLIST_FILE = "SenFoundation-Info.plist";
				INSTALL_PATH = "@executable_path/../Frameworks";
				OTHER_CFLAGS = "-DMACOSX";
				OTHER_LDFLAGS = (
					"-framework",
					Foundation,
				);
				PREBINDING = NO;
				PRODUCT_NAME = SenFoundation;
			};
			name = Development;
		};
		43B8CCEE0DC05204001128F3 /* Release */ = {
			isa = XCBuildConfiguration;
			buildSettings = {
				ALWAYS_SEARCH_USER_PATHS = NO;
				ARCHS = "$(ARCHS_STANDARD_32_BIT_PRE_XCODE_3_1)";
				ARCHS_STANDARD_32_BIT_PRE_XCODE_3_1 = "ppc i386";
				COPY_PHASE_STRIP = YES;
				DEBUG_INFORMATION_FORMAT = "dwarf-with-dsym";
				DYLIB_COMPATIBILITY_VERSION = 1;
				DYLIB_CURRENT_VERSION = 1;
				FRAMEWORK_VERSION = A;
				GCC_ENABLE_FIX_AND_CONTINUE = NO;
				GCC_MODEL_TUNING = G5;
				GCC_PRECOMPILE_PREFIX_HEADER = YES;
				INFOPLIST_FILE = "SenFoundation-Info.plist";
				INSTALL_PATH = "$(HOME)/Library/Frameworks";
				OTHER_CFLAGS = "-DMACOSX";
				OTHER_LDFLAGS = (
					"-framework",
					Foundation,
				);
				PREBINDING = NO;
				PRODUCT_NAME = SenFoundation;
				ZERO_LINK = NO;
			};
			name = Release;
		};
		43CD7B800DBFCAE800644FF2 /* Development */ = {
			isa = XCBuildConfiguration;
			buildSettings = {
			};
			name = Development;
		};
		43CD7B810DBFCAE800644FF2 /* Release */ = {
			isa = XCBuildConfiguration;
			buildSettings = {
			};
			name = Release;
		};
/* End XCBuildConfiguration section */

/* Begin XCConfigurationList section */
		43B8CCF10DC05204001128F3 /* Build configuration list for PBXNativeTarget "SenFoundation" */ = {
			isa = XCConfigurationList;
			buildConfigurations = (
				43B8CCED0DC05204001128F3 /* Development */,
				43B8CCEE0DC05204001128F3 /* Release */,
			);
			defaultConfigurationIsVisible = 0;
			defaultConfigurationName = Development;
		};
		43CD7B7F0DBFCAE800644FF2 /* Build configuration list for PBXProject "SenFoundation" */ = {
			isa = XCConfigurationList;
			buildConfigurations = (
				43CD7B800DBFCAE800644FF2 /* Development */,
				43CD7B810DBFCAE800644FF2 /* Release */,
			);
			defaultConfigurationIsVisible = 0;
			defaultConfigurationName = Development;
		};
/* End XCConfigurationList section */
	};
	rootObject = 0DDBA94C0081C7AFC0A8000F /* Project object */;
}
